version = 1
revision = 1
requires-python = ">=3.12"

[[package]]
name = "easygui"
version = "0.98.3"
source = { registry = "https://pypi.org/simple" }
sdist = { url = "https://files.pythonhosted.org/packages/cc/ad/e35f7a30272d322be09dc98592d2f55d27cc933a7fde8baccbbeb2bd9409/easygui-0.98.3.tar.gz", hash = "sha256:d653ff79ee1f42f63b5a090f2f98ce02335d86ad8963b3ce2661805cafe99a04", size = 85583 }
wheels = [
    { url = "https://files.pythonhosted.org/packages/8e/a7/b276ff776533b423710a285c8168b52551cb2ab0855443131fdc7fd8c16f/easygui-0.98.3-py2.py3-none-any.whl", hash = "sha256:33498710c68b5376b459cd3fc48d1d1f33822139eb3ed01defbc0528326da3ba", size = 92655 },
]

[[package]]
name = "intro2py-apr2025"
version = "0.1.0"
source = { virtual = "." }
dependencies = [
    { name = "easygui" },
]

[package.metadata]
requires-dist = [{ name = "easygui", specifier = ">=0.98.3" }]
